<?xml version="1.0" encoding="utf-8"?>
<Project ToolsVersion="4.0" xmlns="http://schemas.microsoft.com/developer/msbuild/2003">
  <ItemGroup>
    <Filter Include="Source Files">
      <UniqueIdentifier>{4FC737F1-C7A5-4376-A066-2A32D752A2FF}</UniqueIdentifier>
      <Extensions>cpp;c;cc;cxx;def;odl;idl;hpj;bat;asm;asmx</Extensions>
    </Filter>
    <Filter Include="Header Files">
      <UniqueIdentifier>{93995380-89BD-4b04-88EB-625FBE52EBFB}</UniqueIdentifier>
      <Extensions>h;hh;hpp;hxx;hm;inl;inc;ipp;xsd</Extensions>
    </Filter>
    <Filter Include="Resource Files">
      <UniqueIdentifier>{67DA6AB6-F800-4c08-8B7A-83BB121AAD01}</UniqueIdentifier>
      <Extensions>rc;ico;cur;bmp;dlg;rc2;rct;bin;rgs;gif;jpg;jpeg;jpe;resx;tiff;tif;png;wav;mfcribbon-ms</Extensions>
    </Filter>
    <Filter Include="Header Files\Graphics">
      <UniqueIdentifier>{892241da-2e29-4091-9a2d-902527c712d6}</UniqueIdentifier>
    </Filter>
    <Filter Include="Source Files\Graphics">
      <UniqueIdentifier>{0e4b8f54-2167-428b-a5fe-d01eb7859ee5}</UniqueIdentifier>
    </Filter>
    <Filter Include="Header Files\Interface">
      <UniqueIdentifier>{48e841ad-4184-43b9-8d93-42642347e40f}</UniqueIdentifier>
    </Filter>
    <Filter Include="Source Files\Interface">
      <UniqueIdentifier>{c73bf8e7-f257-4bb0-b688-77c913597b27}</UniqueIdentifier>
    </Filter>
    <Filter Include="Header Files\Architecture">
      <UniqueIdentifier>{89db20ee-e2cd-42c0-b007-88948b2cb6db}</UniqueIdentifier>
    </Filter>
    <Filter Include="Source Files\Architecture">
      <UniqueIdentifier>{9242ae12-1da4-439a-b7d6-09e67db14074}</UniqueIdentifier>
    </Filter>
    <Filter Include="Resource Files\roms">
      <UniqueIdentifier>{79b49fef-8bc6-4978-8506-e1e9b1fe9ac6}</UniqueIdentifier>
    </Filter>
  </ItemGroup>
  <ItemGroup>
    <ClInclude Include="Graphics\Graphics.h">
      <Filter>Header Files\Graphics</Filter>
    </ClInclude>
    <ClInclude Include="Interface\Target.h">
      <Filter>Header Files\Interface</Filter>
    </ClInclude>
    <ClInclude Include="Architecture\Memory.h">
      <Filter>Header Files\Architecture</Filter>
    </ClInclude>
    <ClInclude Include="Bootstrap.h">
      <Filter>Header Files</Filter>
    </ClInclude>
    <ClInclude Include="Architecture\Video.h">
      <Filter>Header Files\Architecture</Filter>
    </ClInclude>
    <ClInclude Include="resource.h">
      <Filter>Header Files</Filter>
    </ClInclude>
  </ItemGroup>
  <ItemGroup>
    <ClCompile Include="Clx79.cpp">
      <Filter>Source Files</Filter>
    </ClCompile>
    <ClCompile Include="Graphics\Graphics.cpp">
      <Filter>Source Files\Graphics</Filter>
    </ClCompile>
    <ClCompile Include="Interface\Target.cpp">
      <Filter>Source Files\Interface</Filter>
    </ClCompile>
    <ClCompile Include="Architecture\Memory.cpp">
      <Filter>Source Files\Architecture</Filter>
    </ClCompile>
    <ClCompile Include="Bootstrap.cpp">
      <Filter>Source Files</Filter>
    </ClCompile>
    <ClCompile Include="Architecture\Video.cpp">
      <Filter>Source Files\Architecture</Filter>
    </ClCompile>
  </ItemGroup>
  <ItemGroup>
    <Text Include="roms\ascii_short.txt">
      <Filter>Resource Files\roms</Filter>
    </Text>
    <Text Include="roms\chargen.txt">
      <Filter>Resource Files\roms</Filter>
    </Text>
  </ItemGroup>
  <ItemGroup>
    <ResourceCompile Include="Clx79.rc">
      <Filter>Resource Files</Filter>
    </ResourceCompile>
  </ItemGroup>
</Project>