
Microsoft Visual Studio Solution File, Format Version 12.00
# Visual Studio 15
VisualStudioVersion = 15.0.28307.757
MinimumVisualStudioVersion = 10.0.40219.1
Project("{8BC9CEB8-8B4A-11D0-8D11-00A0C91BC942}") = "Clx79", "Clx79\Clx79.vcxproj", "{7335D2F5-E4F6-4F6C-9DC3-4ACDDC46F763}"
EndProject
Project("{8BC9CEB8-8B4A-11D0-8D11-00A0C91BC942}") = "Clx79-Tests", "Clx79-Tests\Clx79-Tests.vcxproj", "{22003564-E78F-480A-A322-23C4A3B53E63}"
	ProjectSection(ProjectDependencies) = postProject
		{7335D2F5-E4F6-4F6C-9DC3-4ACDDC46F763} = {7335D2F5-E4F6-4F6C-9DC3-4ACDDC46F763}
	EndProjectSection
EndProject
Global
	GlobalSection(SolutionConfigurationPlatforms) = preSolution
		Debug|x64 = Debug|x64
		Debug|x86 = Debug|x86
		Release|x64 = Release|x64
		Release|x86 = Release|x86
	EndGlobalSection
	GlobalSection(ProjectConfigurationPlatforms) = postSolution
		{7335D2F5-E4F6-4F6C-9DC3-4ACDDC46F763}.Debug|x64.ActiveCfg = Debug|x64
		{7335D2F5-E4F6-4F6C-9DC3-4ACDDC46F763}.Debug|x64.Build.0 = Debug|x64
		{7335D2F5-E4F6-4F6C-9DC3-4ACDDC46F763}.Debug|x86.ActiveCfg = Debug|Win32
		{7335D2F5-E4F6-4F6C-9DC3-4ACDDC46F763}.Debug|x86.Build.0 = Debug|Win32
		{7335D2F5-E4F6-4F6C-9DC3-4ACDDC46F763}.Release|x64.ActiveCfg = Release|x64
		{7335D2F5-E4F6-4F6C-9DC3-4ACDDC46F763}.Release|x64.Build.0 = Release|x64
		{7335D2F5-E4F6-4F6C-9DC3-4ACDDC46F763}.Release|x86.ActiveCfg = Release|x64
		{7335D2F5-E4F6-4F6C-9DC3-4ACDDC46F763}.Release|x86.Build.0 = Release|x64
		{22003564-E78F-480A-A322-23C4A3B53E63}.Debug|x64.ActiveCfg = Debug|x64
		{22003564-E78F-480A-A322-23C4A3B53E63}.Debug|x64.Build.0 = Debug|x64
		{22003564-E78F-480A-A322-23C4A3B53E63}.Debug|x86.ActiveCfg = Debug|Win32
		{22003564-E78F-480A-A322-23C4A3B53E63}.Debug|x86.Build.0 = Debug|Win32
		{22003564-E78F-480A-A322-23C4A3B53E63}.Release|x64.ActiveCfg = Release|x64
		{22003564-E78F-480A-A322-23C4A3B53E63}.Release|x64.Build.0 = Release|x64
		{22003564-E78F-480A-A322-23C4A3B53E63}.Release|x86.ActiveCfg = Release|Win32
		{22003564-E78F-480A-A322-23C4A3B53E63}.Release|x86.Build.0 = Release|Win32
	EndGlobalSection
	GlobalSection(SolutionProperties) = preSolution
		HideSolutionNode = FALSE
	EndGlobalSection
	GlobalSection(ExtensibilityGlobals) = postSolution
		SolutionGuid = {D07A4242-3584-48D9-BE3E-3D6B92C2CB5D}
	EndGlobalSection
EndGlobal
